
Microsoft Visual Studio Solution File, Format Version 12.00
# Visual Studio 15
VisualStudioVersion = 15.0.26730.16
MinimumVisualStudioVersion = 10.0.40219.1
Project("{FAE04EC0-301F-11D3-BF4B-00C04F79EFBC}") = "nClam-Test", "nClam-Test\nClam-Test.csproj", "{6BD236F3-1807-42C6-AEB9-5680364EF18E}"
EndProject
Project("{2150E333-8FDC-42A3-9474-1A3956D46DE8}") = "TestFiles", "TestFiles", "{22A14671-5ED9-42DE-9386-ADE6BD054AED}"
	ProjectSection(SolutionItems) = preProject
		TestFiles\TestDocument.docx = TestFiles\TestDocument.docx
		TestFiles\TestPhoto.jpeg = TestFiles\TestPhoto.jpeg
		TestFiles\TestVideo.mov = TestFiles\TestVideo.mov
		TestFiles\TestVirus.txt = TestFiles\TestVirus.txt
	EndProjectSection
EndProject
Global
	GlobalSection(SolutionConfigurationPlatforms) = preSolution
		Debug|Any CPU = Debug|Any CPU
		Release|Any CPU = Release|Any CPU
	EndGlobalSection
	GlobalSection(ProjectConfigurationPlatforms) = postSolution
		{6BD236F3-1807-42C6-AEB9-5680364EF18E}.Debug|Any CPU.ActiveCfg = Debug|Any CPU
		{6BD236F3-1807-42C6-AEB9-5680364EF18E}.Debug|Any CPU.Build.0 = Debug|Any CPU
		{6BD236F3-1807-42C6-AEB9-5680364EF18E}.Release|Any CPU.ActiveCfg = Release|Any CPU
		{6BD236F3-1807-42C6-AEB9-5680364EF18E}.Release|Any CPU.Build.0 = Release|Any CPU
	EndGlobalSection
	GlobalSection(SolutionProperties) = preSolution
		HideSolutionNode = FALSE
	EndGlobalSection
	GlobalSection(ExtensibilityGlobals) = postSolution
		SolutionGuid = {8B826D6A-4ECE-45CB-B55D-E21168F3E619}
	EndGlobalSection
EndGlobal
